
Microsoft Visual Studio Solution File, Format Version 12.00
# Visual Studio Version 17
VisualStudioVersion = 17.5.33627.172
MinimumVisualStudioVersion = 10.0.40219.1
Project("{FAE04EC0-301F-11D3-BF4B-00C04F79EFBC}") = "FirstDbMVCApp", "FirstDbMVCApp\FirstDbMVCApp.csproj", "{DEA4F889-AA19-4007-B8BF-EFBF01D907BB}"
EndProject
Global
	GlobalSection(SolutionConfigurationPlatforms) = preSolution
		Debug|Any CPU = Debug|Any CPU
		Release|Any CPU = Release|Any CPU
	EndGlobalSection
	GlobalSection(ProjectConfigurationPlatforms) = postSolution
		{DEA4F889-AA19-4007-B8BF-EFBF01D907BB}.Debug|Any CPU.ActiveCfg = Debug|Any CPU
		{DEA4F889-AA19-4007-B8BF-EFBF01D907BB}.Debug|Any CPU.Build.0 = Debug|Any CPU
		{DEA4F889-AA19-4007-B8BF-EFBF01D907BB}.Release|Any CPU.ActiveCfg = Release|Any CPU
		{DEA4F889-AA19-4007-B8BF-EFBF01D907BB}.Release|Any CPU.Build.0 = Release|Any CPU
	EndGlobalSection
	GlobalSection(SolutionProperties) = preSolution
		HideSolutionNode = FALSE
	EndGlobalSection
	GlobalSection(ExtensibilityGlobals) = postSolution
		SolutionGuid = {1A3FB6DA-4675-496B-BD2E-0C598E3EBAEE}
	EndGlobalSection
EndGlobal
